
Microsoft Visual Studio Solution File, Format Version 12.00
# Visual Studio Version 17
VisualStudioVersion = 17.9.34728.123
MinimumVisualStudioVersion = 10.0.40219.1
Project("{8BC9CEB8-8B4A-11D0-8D11-00A0C91BC942}") = "cpp_DLL_inject", "cpp_DLL_inject\cpp_DLL_inject.vcxproj", "{8F8C31CE-2AB1-43A2-93DF-CD5B1EC93E53}"
EndProject
Global
	GlobalSection(SolutionConfigurationPlatforms) = preSolution
		Debug|x64 = Debug|x64
		Debug|x86 = Debug|x86
		Release|x64 = Release|x64
		Release|x86 = Release|x86
	EndGlobalSection
	GlobalSection(ProjectConfigurationPlatforms) = postSolution
		{8F8C31CE-2AB1-43A2-93DF-CD5B1EC93E53}.Debug|x64.ActiveCfg = Debug|x64
		{8F8C31CE-2AB1-43A2-93DF-CD5B1EC93E53}.Debug|x64.Build.0 = Debug|x64
		{8F8C31CE-2AB1-43A2-93DF-CD5B1EC93E53}.Debug|x86.ActiveCfg = Debug|Win32
		{8F8C31CE-2AB1-43A2-93DF-CD5B1EC93E53}.Debug|x86.Build.0 = Debug|Win32
		{8F8C31CE-2AB1-43A2-93DF-CD5B1EC93E53}.Release|x64.ActiveCfg = Release|x64
		{8F8C31CE-2AB1-43A2-93DF-CD5B1EC93E53}.Release|x64.Build.0 = Release|x64
		{8F8C31CE-2AB1-43A2-93DF-CD5B1EC93E53}.Release|x86.ActiveCfg = Release|Win32
		{8F8C31CE-2AB1-43A2-93DF-CD5B1EC93E53}.Release|x86.Build.0 = Release|Win32
	EndGlobalSection
	GlobalSection(SolutionProperties) = preSolution
		HideSolutionNode = FALSE
	EndGlobalSection
	GlobalSection(ExtensibilityGlobals) = postSolution
		SolutionGuid = {534DCF23-0F05-4A8D-911A-9F83C73EC8B7}
	EndGlobalSection
EndGlobal
